version = 1
revision = 3
requires-python = "==3.12.*"

[[package]]
name = "altgraph"
version = "0.17.5"
source = { registry = "http://mirrors.aliyun.com/pypi/simple" }
sdist = { url = "http://mirrors.aliyun.com/pypi/packages/7e/f8/97fdf103f38fed6792a1601dbc16cc8aac56e7459a9fff08c812d8ae177a/altgraph-0.17.5.tar.gz", hash = "sha256:c87b395dd12fabde9c99573a9749d67da8d29ef9de0125c7f536699b4a9bc9e7" }
wheels = [
    { url = "http://mirrors.aliyun.com/pypi/packages/a9/ba/000a1996d4308bc65120167c21241a3b205464a2e0b58deda26ae8ac21d1/altgraph-0.17.5-py2.py3-none-any.whl", hash = "sha256:f3a22400bce1b0c701683820ac4f3b159cd301acab067c51c653e06961600597" },
]

[[package]]
name = "evdev"
version = "1.9.2"
source = { registry = "http://mirrors.aliyun.com/pypi/simple" }
sdist = { url = "http://mirrors.aliyun.com/pypi/packages/63/fe/a17c106a1f4061ce83f04d14bcedcfb2c38c7793ea56bfb906a6fadae8cb/evdev-1.9.2.tar.gz", hash = "sha256:5d3278892ce1f92a74d6bf888cc8525d9f68af85dbe336c95d1c87fb8f423069" }

[[package]]
name = "macholib"
version = "1.16.4"
source = { registry = "http://mirrors.aliyun.com/pypi/simple" }
dependencies = [
    { name = "altgraph" },
]
sdist = { url = "http://mirrors.aliyun.com/pypi/packages/10/2f/97589876ea967487978071c9042518d28b958d87b17dceb7cdc1d881f963/macholib-1.16.4.tar.gz", hash = "sha256:f408c93ab2e995cd2c46e34fe328b130404be143469e41bc366c807448979362" }
wheels = [
    { url = "http://mirrors.aliyun.com/pypi/packages/c7/d1/a9f36f8ecdf0fb7c9b1e78c8d7af12b8c8754e74851ac7b94a8305540fc7/macholib-1.16.4-py2.py3-none-any.whl", hash = "sha256:da1a3fa8266e30f0ce7e97c6a54eefaae8edd1e5f86f3eb8b95457cae90265ea" },
]

[[package]]
name = "packaging"
version = "26.2"
source = { registry = "http://mirrors.aliyun.com/pypi/simple" }
sdist = { url = "http://mirrors.aliyun.com/pypi/packages/d7/f1/e7a6dd94a8d4a5626c03e4e99c87f241ba9e350cd9e6d75123f992427270/packaging-26.2.tar.gz", hash = "sha256:ff452ff5a3e828ce110190feff1178bb1f2ea2281fa2075aadb987c2fb221661" }
wheels = [
    { url = "http://mirrors.aliyun.com/pypi/packages/df/b2/87e62e8c3e2f4b32e5fe99e0b86d576da1312593b39f47d8ceef365e95ed/packaging-26.2-py3-none-any.whl", hash = "sha256:5fc45236b9446107ff2415ce77c807cee2862cb6fac22b8a73826d0693b0980e" },
]

[[package]]
name = "pefile"
version = "2024.8.26"
source = { registry = "http://mirrors.aliyun.com/pypi/simple" }
sdist = { url = "http://mirrors.aliyun.com/pypi/packages/03/4f/2750f7f6f025a1507cd3b7218691671eecfd0bbebebe8b39aa0fe1d360b8/pefile-2024.8.26.tar.gz", hash = "sha256:3ff6c5d8b43e8c37bb6e6dd5085658d658a7a0bdcd20b6a07b1fcfc1c4e9d632" }
wheels = [
    { url = "http://mirrors.aliyun.com/pypi/packages/54/16/12b82f791c7f50ddec566873d5bdd245baa1491bac11d15ffb98aecc8f8b/pefile-2024.8.26-py3-none-any.whl", hash = "sha256:76f8b485dcd3b1bb8166f1128d395fa3d87af26360c2358fb75b80019b957c6f" },
]

[[package]]
name = "psutil"
version = "7.1.3"
source = { registry = "http://mirrors.aliyun.com/pypi/simple" }
sdist = { url = "http://mirrors.aliyun.com/pypi/packages/e1/88/bdd0a41e5857d5d703287598cbf08dad90aed56774ea52ae071bae9071b6/psutil-7.1.3.tar.gz", hash = "sha256:6c86281738d77335af7aec228328e944b30930899ea760ecf33a4dba66be5e74" }
wheels = [
    { url = "http://mirrors.aliyun.com/pypi/packages/ef/94/46b9154a800253e7ecff5aaacdf8ebf43db99de4a2dfa18575b02548654e/psutil-7.1.3-cp36-abi3-macosx_10_9_x86_64.whl", hash = "sha256:2bdbcd0e58ca14996a42adf3621a6244f1bb2e2e528886959c72cf1e326677ab" },
    { url = "http://mirrors.aliyun.com/pypi/packages/68/3a/9f93cff5c025029a36d9a92fef47220ab4692ee7f2be0fba9f92813d0cb8/psutil-7.1.3-cp36-abi3-macosx_11_0_arm64.whl", hash = "sha256:bc31fa00f1fbc3c3802141eede66f3a2d51d89716a194bf2cd6fc68310a19880" },
    { url = "http://mirrors.aliyun.com/pypi/packages/ce/b1/5f49af514f76431ba4eea935b8ad3725cdeb397e9245ab919dbc1d1dc20f/psutil-7.1.3-cp36-abi3-manylinux2010_x86_64.manylinux_2_12_x86_64.manylinux_2_28_x86_64.whl", hash = "sha256:3bb428f9f05c1225a558f53e30ccbad9930b11c3fc206836242de1091d3e7dd3" },
    { url = "http://mirrors.aliyun.com/pypi/packages/e0/95/992c8816a74016eb095e73585d747e0a8ea21a061ed3689474fabb29a395/psutil-7.1.3-cp36-abi3-manylinux2014_aarch64.manylinux_2_17_aarch64.manylinux_2_28_aarch64.whl", hash = "sha256:56d974e02ca2c8eb4812c3f76c30e28836fffc311d55d979f1465c1feeb2b68b" },
    { url = "http://mirrors.aliyun.com/pypi/packages/55/4c/c3ed1a622b6ae2fd3c945a366e64eb35247a31e4db16cf5095e269e8eb3c/psutil-7.1.3-cp37-abi3-win_amd64.whl", hash = "sha256:f39c2c19fe824b47484b96f9692932248a54c43799a84282cfe58d05a6449efd" },
    { url = "http://mirrors.aliyun.com/pypi/packages/c9/ad/33b2ccec09bf96c2b2ef3f9a6f66baac8253d7565d8839e024a6b905d45d/psutil-7.1.3-cp37-abi3-win_arm64.whl", hash = "sha256:bd0d69cee829226a761e92f28140bec9a5ee9d5b4fb4b0cc589068dbfff559b1" },
]

[[package]]
name = "pydirectinput"
version = "1.0.4"
source = { registry = "http://mirrors.aliyun.com/pypi/simple" }
sdist = { url = "http://mirrors.aliyun.com/pypi/packages/5f/c0/cbcc5f1653d956ee2109b604747b7eaf37d59e50b41cc9dedabedf70aec6/PyDirectInput-1.0.4.tar.gz", hash = "sha256:bebe65102c69208688402f9f4cbd2ae7afc174fd2123e156e178b1304e7f80a2" }
wheels = [
    { url = "http://mirrors.aliyun.com/pypi/packages/c9/8e/f909defe798270afc2241d3a8986d51459e70c37f02d2ba549627b781b2c/PyDirectInput-1.0.4-py3-none-any.whl", hash = "sha256:238bbe97f505f9c8728a47ea6a787750dbe834ec1fb42b98b3d703d827eda83e" },
]

[[package]]
name = "pyinstaller"
version = "6.20.0"
source = { registry = "http://mirrors.aliyun.com/pypi/simple" }
dependencies = [
    { name = "altgraph" },
    { name = "macholib", marker = "sys_platform == 'darwin'" },
    { name = "packaging" },
    { name = "pefile", marker = "sys_platform == 'win32'" },
    { name = "pyinstaller-hooks-contrib" },
    { name = "pywin32-ctypes", marker = "sys_platform == 'win32'" },
    { name = "setuptools" },
]
sdist = { url = "http://mirrors.aliyun.com/pypi/packages/46/60/d03d52e6690d4e9caf333dcd14550cde634ce6c118b3bc8fa3112c3186fd/pyinstaller-6.20.0.tar.gz", hash = "sha256:95c5c7e03d5d61e9dfb8ef259c699cf492bb1041beb6dbe83696608cec07347a" }
wheels = [
    { url = "http://mirrors.aliyun.com/pypi/packages/d0/e4/e228d6d1bbb7fd62dc660a8fb202a583b023d3a3624ca95d1a9290ee4d6a/pyinstaller-6.20.0-py3-none-macosx_10_13_universal2.whl", hash = "sha256:bf3be4e1284ee78ddccba5e29f99443a12a7b4673168288ffc4c9d38c6f7b90e" },
    { url = "http://mirrors.aliyun.com/pypi/packages/ce/bd/afb631bcb3f9040efebd4f6d067f0828b51710818f69fb41a2d4b7787f52/pyinstaller-6.20.0-py3-none-manylinux2014_aarch64.whl", hash = "sha256:72ae9c1fdea134afa791f58bdc9a1934d5c7609753c111e0026bfc272b32b712" },
    { url = "http://mirrors.aliyun.com/pypi/packages/76/08/0729a5bac14754150e5d83b39d87d842eb42b0bffcaa03dbad6252e23a39/pyinstaller-6.20.0-py3-none-manylinux2014_i686.whl", hash = "sha256:1031bcc307f3fbeffd4e162723e64d46dbf591c82dd0997413afb2a07328b941" },
    { url = "http://mirrors.aliyun.com/pypi/packages/e6/82/bc0ee4c7b97db1958eb651e0da9fb1e672e5ae53ca8867fd97701de52906/pyinstaller-6.20.0-py3-none-manylinux2014_ppc64le.whl", hash = "sha256:8df3b3f347659fa2562d8d193a98ad4600133b8b8d07c268df89e4154376750e" },
    { url = "http://mirrors.aliyun.com/pypi/packages/3d/e7/770002d6aaa54173881cb2c49bb195ba67b97bf39bac1cdf320f28401629/pyinstaller-6.20.0-py3-none-manylinux2014_s390x.whl", hash = "sha256:b0d3cc9dd8120d448459bd3880a12e2f9774c51443af49047801446377999a59" },
    { url = "http://mirrors.aliyun.com/pypi/packages/fe/db/68ba1fccb71278b2124fb90b37b7c8c0bc4c1173fba45b94466df3d9cb7f/pyinstaller-6.20.0-py3-none-manylinux2014_x86_64.whl", hash = "sha256:03696bb6350177c6bc23bcaf78e71a33c4a89b6754dd90d1be2f318e978c918b" },
    { url = "http://mirrors.aliyun.com/pypi/packages/03/0f/ac77ffa996a56be3d5c8f85734a007f8347240691657f9704e7de2527fa3/pyinstaller-6.20.0-py3-none-musllinux_1_1_aarch64.whl", hash = "sha256:6357f1699f6af84f37e7367f031d4f68abdba65543b83990c9e8f5a4cebed0b7" },
    { url = "http://mirrors.aliyun.com/pypi/packages/e0/56/1ee91c3a2bc10ca1f36da10a6fd55ff7efc4dec367171eb25992a827874f/pyinstaller-6.20.0-py3-none-musllinux_1_1_x86_64.whl", hash = "sha256:0ab39c690abad26ba148e8f664f0478acc82a733997f4f22e757774832802da9" },
    { url = "http://mirrors.aliyun.com/pypi/packages/d7/55/ae264339996953c4cdf9d89d916a0a8fa26a83cf917a742fff8b9d5f3fe8/pyinstaller-6.20.0-py3-none-win32.whl", hash = "sha256:9a7637e8e44b4387b13667fdcaac86ab6b29c446c16d34d8401539b81838759c" },
    { url = "http://mirrors.aliyun.com/pypi/packages/76/8c/300f57578882cce259bfb5ae56fda3b69caa3fe9df40a176c719920ea6e2/pyinstaller-6.20.0-py3-none-win_amd64.whl", hash = "sha256:d588844e890ee80c4365867f98146636e1849bbca8e4284bbf0c809aff0f161a" },
    { url = "http://mirrors.aliyun.com/pypi/packages/8a/ea/b2f8e1642aecda78c0b75c7321f708e49e10bb3c00dd4f148c40761a1527/pyinstaller-6.20.0-py3-none-win_arm64.whl", hash = "sha256:bd53282c0a73e5c95573e1ddc8e5d564d4932bec91efbaed4dc5fdff9c2ae7f2" },
]

[[package]]
name = "pyinstaller-hooks-contrib"
version = "2026.5"
source = { registry = "http://mirrors.aliyun.com/pypi/simple" }
dependencies = [
    { name = "packaging" },
    { name = "setuptools" },
]
sdist = { url = "http://mirrors.aliyun.com/pypi/packages/1a/67/f4452d68793fb15beba4f19ef39a38a8822f0da7452b503c400d5a21f5c1/pyinstaller_hooks_contrib-2026.5.tar.gz", hash = "sha256:f066dfca8f7c45ff6336c9cf9fe25b4e48bfeb322a1aa24faaedfb8a8d1b0b08" }
wheels = [
    { url = "http://mirrors.aliyun.com/pypi/packages/f6/5c/fd465d11da4d12b50d7eb5d2ee2ceb780d8d049dbb489f3828d131e387af/pyinstaller_hooks_contrib-2026.5-py3-none-any.whl", hash = "sha256:ea1535783fbdac4626351709e83f3ea80b681d3a4745763ebb407b5e27342eb9" },
]

[[package]]
name = "pynput"
version = "1.8.1"
source = { registry = "http://mirrors.aliyun.com/pypi/simple" }
dependencies = [
    { name = "evdev", marker = "'linux' in sys_platform" },
    { name = "pyobjc-framework-applicationservices", marker = "sys_platform == 'darwin'" },
    { name = "pyobjc-framework-quartz", marker = "sys_platform == 'darwin'" },
    { name = "python-xlib", marker = "'linux' in sys_platform" },
    { name = "six" },
]
sdist = { url = "http://mirrors.aliyun.com/pypi/packages/f0/c3/dccf44c68225046df5324db0cc7d563a560635355b3e5f1d249468268a6f/pynput-1.8.1.tar.gz", hash = "sha256:70d7c8373ee98911004a7c938742242840a5628c004573d84ba849d4601df81e" }
wheels = [
    { url = "http://mirrors.aliyun.com/pypi/packages/59/4f/ac3fa906ae8a375a536b12794128c5efacade9eaa917a35dfd27ce0c7400/pynput-1.8.1-py2.py3-none-any.whl", hash = "sha256:42dfcf27404459ca16ca889c8fb8ffe42a9fe54f722fd1a3e130728e59e768d2" },
]

[[package]]
name = "pyobjc-core"
version = "11.0"
source = { registry = "http://mirrors.aliyun.com/pypi/simple" }
sdist = { url = "http://mirrors.aliyun.com/pypi/packages/5c/94/a111239b98260869780a5767e5d74bfd3a8c13a40457f479c28dcd91f89d/pyobjc_core-11.0.tar.gz", hash = "sha256:63bced211cb8a8fb5c8ff46473603da30e51112861bd02c438fbbbc8578d9a70" }
wheels = [
    { url = "http://mirrors.aliyun.com/pypi/packages/56/ce/bf3ff9a9347721a398c3dfb83e29b43fb166b7ef590f3f7b7ddcd283df39/pyobjc_core-11.0-cp312-cp312-macosx_10_13_universal2.whl", hash = "sha256:a03061d4955c62ddd7754224a80cdadfdf17b6b5f60df1d9169a3b1b02923f0b" },
]

[[package]]
name = "pyobjc-framework-applicationservices"
version = "11.0"
source = { registry = "http://mirrors.aliyun.com/pypi/simple" }
dependencies = [
    { name = "pyobjc-core" },
    { name = "pyobjc-framework-cocoa" },
    { name = "pyobjc-framework-coretext" },
    { name = "pyobjc-framework-quartz" },
]
sdist = { url = "http://mirrors.aliyun.com/pypi/packages/ba/fb/4e42573b0d3baa3fa18ec53614cf979f951313f1451e8f2e17df9429da1f/pyobjc_framework_applicationservices-11.0.tar.gz", hash = "sha256:d6ea18dfc7d5626a3ecf4ac72d510405c0d3a648ca38cae8db841acdebecf4d2" }
wheels = [
    { url = "http://mirrors.aliyun.com/pypi/packages/74/a9/7a45a67e126d32c61ea22ffd80e87ff7e05b4acf32bede6cce071fbfffc8/pyobjc_framework_ApplicationServices-11.0-cp312-cp312-macosx_10_13_universal2.whl", hash = "sha256:5fbeb425897d6129471d451ec61a29ddd5b1386eb26b1dd49cb313e34616ee21" },
]

[[package]]
name = "pyobjc-framework-cocoa"
version = "11.0"
source = { registry = "http://mirrors.aliyun.com/pypi/simple" }
dependencies = [
    { name = "pyobjc-core" },
]
sdist = { url = "http://mirrors.aliyun.com/pypi/packages/c5/32/53809096ad5fc3e7a2c5ddea642590a5f2cb5b81d0ad6ea67fdb2263d9f9/pyobjc_framework_cocoa-11.0.tar.gz", hash = "sha256:00346a8cb81ad7b017b32ff7bf596000f9faa905807b1bd234644ebd47f692c5" }
wheels = [
    { url = "http://mirrors.aliyun.com/pypi/packages/5b/8d/0e2558447c26b3ba64f7c9776a5a6c9d2ae8abf9d34308b174ae0934402e/pyobjc_framework_Cocoa-11.0-cp312-cp312-macosx_10_13_universal2.whl", hash = "sha256:280a577b83c68175a28b2b7138d1d2d3111f2b2b66c30e86f81a19c2b02eae71" },
]

[[package]]
name = "pyobjc-framework-coretext"
version = "11.0"
source = { registry = "http://mirrors.aliyun.com/pypi/simple" }
dependencies = [
    { name = "pyobjc-core" },
    { name = "pyobjc-framework-cocoa" },
    { name = "pyobjc-framework-quartz" },
]
sdist = { url = "http://mirrors.aliyun.com/pypi/packages/9d/e8/9b68dc788828e38143a3e834e66346713751cb83d7f0955016323005c1a2/pyobjc_framework_coretext-11.0.tar.gz", hash = "sha256:a68437153e627847e3898754dd3f13ae0cb852246b016a91f9c9cbccb9f91a43" }
wheels = [
    { url = "http://mirrors.aliyun.com/pypi/packages/0d/14/d300b8bf18acd1d98d40820d2a9b5c5b6cf96325bdfc5020bc963218e001/pyobjc_framework_CoreText-11.0-cp312-cp312-macosx_10_13_universal2.whl", hash = "sha256:fb90e7f370b3fd7cb2fb442e3dc63fedf0b4af6908db1c18df694d10dc94669d" },
]

[[package]]
name = "pyobjc-framework-quartz"
version = "11.0"
source = { registry = "http://mirrors.aliyun.com/pypi/simple" }
dependencies = [
    { name = "pyobjc-core" },
    { name = "pyobjc-framework-cocoa" },
]
sdist = { url = "http://mirrors.aliyun.com/pypi/packages/a5/ad/f00f3f53387c23bbf4e0bb1410e11978cbf87c82fa6baff0ee86f74c5fb6/pyobjc_framework_quartz-11.0.tar.gz", hash = "sha256:3205bf7795fb9ae34747f701486b3db6dfac71924894d1f372977c4d70c3c619" }
wheels = [
    { url = "http://mirrors.aliyun.com/pypi/packages/60/5d/df827b78dcb5140652ad08af8038c9ddd7e01e6bdf84462bfee644e6e661/pyobjc_framework_Quartz-11.0-cp312-cp312-macosx_10_13_universal2.whl", hash = "sha256:cb4a9f2d9d580ea15e25e6b270f47681afb5689cafc9e25712445ce715bcd18e" },
]

[[package]]
name = "python-xlib"
version = "0.33"
source = { registry = "http://mirrors.aliyun.com/pypi/simple" }
dependencies = [
    { name = "six" },
]
sdist = { url = "http://mirrors.aliyun.com/pypi/packages/86/f5/8c0653e5bb54e0cbdfe27bf32d41f27bc4e12faa8742778c17f2a71be2c0/python-xlib-0.33.tar.gz", hash = "sha256:55af7906a2c75ce6cb280a584776080602444f75815a7aff4d287bb2d7018b32" }
wheels = [
    { url = "http://mirrors.aliyun.com/pypi/packages/fc/b8/ff33610932e0ee81ae7f1269c890f697d56ff74b9f5b2ee5d9b7fa2c5355/python_xlib-0.33-py2.py3-none-any.whl", hash = "sha256:c3534038d42e0df2f1392a1b30a15a4ff5fdc2b86cfa94f072bf11b10a164398" },
]

[[package]]
name = "pywin32-ctypes"
version = "0.2.3"
source = { registry = "http://mirrors.aliyun.com/pypi/simple" }
sdist = { url = "http://mirrors.aliyun.com/pypi/packages/85/9f/01a1a99704853cb63f253eea009390c88e7131c67e66a0a02099a8c917cb/pywin32-ctypes-0.2.3.tar.gz", hash = "sha256:d162dc04946d704503b2edc4d55f3dba5c1d539ead017afa00142c38b9885755" }
wheels = [
    { url = "http://mirrors.aliyun.com/pypi/packages/de/3d/8161f7711c017e01ac9f008dfddd9410dff3674334c233bde66e7ba65bbf/pywin32_ctypes-0.2.3-py3-none-any.whl", hash = "sha256:8a1513379d709975552d202d942d9837758905c8d01eb82b8bcc30918929e7b8" },
]

[[package]]
name = "setuptools"
version = "82.0.1"
source = { registry = "http://mirrors.aliyun.com/pypi/simple" }
sdist = { url = "http://mirrors.aliyun.com/pypi/packages/4f/db/cfac1baf10650ab4d1c111714410d2fbb77ac5a616db26775db562c8fab2/setuptools-82.0.1.tar.gz", hash = "sha256:7d872682c5d01cfde07da7bccc7b65469d3dca203318515ada1de5eda35efbf9" }
wheels = [
    { url = "http://mirrors.aliyun.com/pypi/packages/9d/76/f789f7a86709c6b087c5a2f52f911838cad707cc613162401badc665acfe/setuptools-82.0.1-py3-none-any.whl", hash = "sha256:a59e362652f08dcd477c78bb6e7bd9d80a7995bc73ce773050228a348ce2e5bb" },
]

[[package]]
name = "six"
version = "1.17.0"
source = { registry = "http://mirrors.aliyun.com/pypi/simple" }
sdist = { url = "http://mirrors.aliyun.com/pypi/packages/94/e7/b2c673351809dca68a0e064b6af791aa332cf192da575fd474ed7d6f16a2/six-1.17.0.tar.gz", hash = "sha256:ff70335d468e7eb6ec65b95b99d3a2836546063f63acc5171de367e834932a81" }
wheels = [
    { url = "http://mirrors.aliyun.com/pypi/packages/b7/ce/149a00dd41f10bc29e5921b496af8b574d8413afcd5e30dfa0ed46c2cc5e/six-1.17.0-py2.py3-none-any.whl", hash = "sha256:4721f391ed90541fddacab5acf947aa0d3dc7d27b2e1e8eda2be8970586c3274" },
]

[[package]]
name = "triggerautoinput"
version = "0.1.0"
source = { virtual = "." }
dependencies = [
    { name = "psutil" },
    { name = "pydirectinput" },
    { name = "pynput" },
]

[package.dev-dependencies]
build = [
    { name = "pyinstaller" },
]

[package.metadata]
requires-dist = [
    { name = "psutil", specifier = ">=5.9.0" },
    { name = "pydirectinput", specifier = ">=1.0.4" },
    { name = "pynput", specifier = ">=1.8.1" },
]

[package.metadata.requires-dev]
build = [{ name = "pyinstaller", specifier = ">=6.14.0,<7" }]
